
Microsoft Visual Studio Solution File, Format Version 12.00
# Visual Studio 15
VisualStudioVersion = 15.0.28010.2016
MinimumVisualStudioVersion = 10.0.40219.1
Project("{9A19103F-16F7-4668-BE54-9A1E7A4F7556}") = "StateHasChangedBlazor070.Server", "StateHasChangedBlazor070.Server\StateHasChangedBlazor070.Server.csproj", "{6132B4CB-A3A2-4644-9D26-5398E07BE1CF}"
EndProject
Project("{9A19103F-16F7-4668-BE54-9A1E7A4F7556}") = "StateHasChangedBlazor070.App", "StateHasChangedBlazor070.App\StateHasChangedBlazor070.App.csproj", "{5C3C2722-3CA9-4A05-8BE3-B5D8A123D366}"
EndProject
Project("{9A19103F-16F7-4668-BE54-9A1E7A4F7556}") = "StateHasChangedBlazor070.Components", "StateHasChangedBlazor070.Components\StateHasChangedBlazor070.Components.csproj", "{61C4A60C-6F05-4E89-9DF4-D06F637F6224}"
EndProject
Global
	GlobalSection(SolutionConfigurationPlatforms) = preSolution
		Debug|Any CPU = Debug|Any CPU
		Release|Any CPU = Release|Any CPU
	EndGlobalSection
	GlobalSection(ProjectConfigurationPlatforms) = postSolution
		{6132B4CB-A3A2-4644-9D26-5398E07BE1CF}.Debug|Any CPU.ActiveCfg = Debug|Any CPU
		{6132B4CB-A3A2-4644-9D26-5398E07BE1CF}.Debug|Any CPU.Build.0 = Debug|Any CPU
		{6132B4CB-A3A2-4644-9D26-5398E07BE1CF}.Release|Any CPU.ActiveCfg = Release|Any CPU
		{6132B4CB-A3A2-4644-9D26-5398E07BE1CF}.Release|Any CPU.Build.0 = Release|Any CPU
		{5C3C2722-3CA9-4A05-8BE3-B5D8A123D366}.Debug|Any CPU.ActiveCfg = Debug|Any CPU
		{5C3C2722-3CA9-4A05-8BE3-B5D8A123D366}.Debug|Any CPU.Build.0 = Debug|Any CPU
		{5C3C2722-3CA9-4A05-8BE3-B5D8A123D366}.Release|Any CPU.ActiveCfg = Release|Any CPU
		{5C3C2722-3CA9-4A05-8BE3-B5D8A123D366}.Release|Any CPU.Build.0 = Release|Any CPU
		{61C4A60C-6F05-4E89-9DF4-D06F637F6224}.Debug|Any CPU.ActiveCfg = Debug|Any CPU
		{61C4A60C-6F05-4E89-9DF4-D06F637F6224}.Debug|Any CPU.Build.0 = Debug|Any CPU
		{61C4A60C-6F05-4E89-9DF4-D06F637F6224}.Release|Any CPU.ActiveCfg = Release|Any CPU
		{61C4A60C-6F05-4E89-9DF4-D06F637F6224}.Release|Any CPU.Build.0 = Release|Any CPU
	EndGlobalSection
	GlobalSection(SolutionProperties) = preSolution
		HideSolutionNode = FALSE
	EndGlobalSection
	GlobalSection(ExtensibilityGlobals) = postSolution
		SolutionGuid = {F8A7B655-1525-486A-8329-FB2865EBBF26}
	EndGlobalSection
EndGlobal
